
Microsoft Visual Studio Solution File, Format Version 12.00
# Visual Studio Version 16
VisualStudioVersion = 16.0.31410.357
MinimumVisualStudioVersion = 10.0.40219.1
Project("{FAE04EC0-301F-11D3-BF4B-00C04F79EFBC}") = "KCTR", "KCTR\KCTR.csproj", "{18E9C5FA-FEB7-44C5-8011-07BC76D7A514}"
EndProject
Global
	GlobalSection(SolutionConfigurationPlatforms) = preSolution
		Debug|Any CPU = Debug|Any CPU
		Release|Any CPU = Release|Any CPU
	EndGlobalSection
	GlobalSection(ProjectConfigurationPlatforms) = postSolution
		{18E9C5FA-FEB7-44C5-8011-07BC76D7A514}.Debug|Any CPU.ActiveCfg = Debug|Any CPU
		{18E9C5FA-FEB7-44C5-8011-07BC76D7A514}.Debug|Any CPU.Build.0 = Debug|Any CPU
		{18E9C5FA-FEB7-44C5-8011-07BC76D7A514}.Release|Any CPU.ActiveCfg = Release|Any CPU
		{18E9C5FA-FEB7-44C5-8011-07BC76D7A514}.Release|Any CPU.Build.0 = Release|Any CPU
	EndGlobalSection
	GlobalSection(SolutionProperties) = preSolution
		HideSolutionNode = FALSE
	EndGlobalSection
	GlobalSection(ExtensibilityGlobals) = postSolution
		SolutionGuid = {52E5737F-9E83-4846-9AE4-7722B8A8AFB3}
	EndGlobalSection
EndGlobal
